
Microsoft Visual Studio Solution File, Format Version 12.00
# Visual Studio Version 16
VisualStudioVersion = 16.0.29926.136
MinimumVisualStudioVersion = 10.0.40219.1
Project("{FAE04EC0-301F-11D3-BF4B-00C04F79EFBC}") = "Noter", "Noter\Noter.csproj", "{246D59BF-CCEA-46E6-B006-DEF43C992C63}"
EndProject
Global
	GlobalSection(SolutionConfigurationPlatforms) = preSolution
		Debug|Any CPU = Debug|Any CPU
		Release|Any CPU = Release|Any CPU
	EndGlobalSection
	GlobalSection(ProjectConfigurationPlatforms) = postSolution
		{246D59BF-CCEA-46E6-B006-DEF43C992C63}.Debug|Any CPU.ActiveCfg = Debug|Any CPU
		{246D59BF-CCEA-46E6-B006-DEF43C992C63}.Debug|Any CPU.Build.0 = Debug|Any CPU
		{246D59BF-CCEA-46E6-B006-DEF43C992C63}.Release|Any CPU.ActiveCfg = Release|Any CPU
		{246D59BF-CCEA-46E6-B006-DEF43C992C63}.Release|Any CPU.Build.0 = Release|Any CPU
	EndGlobalSection
	GlobalSection(SolutionProperties) = preSolution
		HideSolutionNode = FALSE
	EndGlobalSection
	GlobalSection(ExtensibilityGlobals) = postSolution
		SolutionGuid = {6656FC7A-C920-416E-B55F-D44E6A2E9D4A}
	EndGlobalSection
EndGlobal
